
Microsoft Visual Studio Solution File, Format Version 10.00
# Visual Studio 2008
Project("{FAE04EC0-301F-11D3-BF4B-00C04F79EFBC}") = "InternetPark", "InternetPark\InternetPark.csproj", "{7C06FC5A-1456-4B8C-B18C-FFC34A8C8073}"
EndProject
Project("{FAE04EC0-301F-11D3-BF4B-00C04F79EFBC}") = "InternetPark.Core", "InternetPark.Core\InternetPark.Core.csproj", "{55D64652-E0BF-4DC9-8D51-0294A4085D84}"
EndProject
Global
	GlobalSection(SolutionConfigurationPlatforms) = preSolution
		Debug|Any CPU = Debug|Any CPU
		Release|Any CPU = Release|Any CPU
	EndGlobalSection
	GlobalSection(ProjectConfigurationPlatforms) = postSolution
		{7C06FC5A-1456-4B8C-B18C-FFC34A8C8073}.Debug|Any CPU.ActiveCfg = Debug|Any CPU
		{7C06FC5A-1456-4B8C-B18C-FFC34A8C8073}.Debug|Any CPU.Build.0 = Debug|Any CPU
		{7C06FC5A-1456-4B8C-B18C-FFC34A8C8073}.Release|Any CPU.ActiveCfg = Release|Any CPU
		{7C06FC5A-1456-4B8C-B18C-FFC34A8C8073}.Release|Any CPU.Build.0 = Release|Any CPU
		{55D64652-E0BF-4DC9-8D51-0294A4085D84}.Debug|Any CPU.ActiveCfg = Debug|Any CPU
		{55D64652-E0BF-4DC9-8D51-0294A4085D84}.Debug|Any CPU.Build.0 = Debug|Any CPU
		{55D64652-E0BF-4DC9-8D51-0294A4085D84}.Release|Any CPU.ActiveCfg = Release|Any CPU
		{55D64652-E0BF-4DC9-8D51-0294A4085D84}.Release|Any CPU.Build.0 = Release|Any CPU
	EndGlobalSection
	GlobalSection(SolutionProperties) = preSolution
		HideSolutionNode = FALSE
	EndGlobalSection
EndGlobal
